// !$*UTF8*$!
{
	archiveVersion = 1;
	classes = {
	};
	objectVersion = 77;
	objects = {

/* Begin PBXBuildFile section */
		539587702FA802C40049B94A /* CategoryView.swift in Sources */ = {isa = PBXBuildFile; fileRef = 5395876F2FA802C40049B94A /* CategoryView.swift */; };
		539587722FA802DE0049B94A /* SearchView.swift in Sources */ = {isa = PBXBuildFile; fileRef = 539587712FA802DE0049B94A /* SearchView.swift */; };
		539587742FA803480049B94A /* CategoryViewModel.swift in Sources */ = {isa = PBXBuildFile; fileRef = 539587732FA803480049B94A /* CategoryViewModel.swift */; };
		7509B4682F6C09C100DC3E17 /* StockHistory.swift in Sources */ = {isa = PBXBuildFile; fileRef = 7509B4672F6C09BE00DC3E17 /* StockHistory.swift */; };
		7509B46A2F6C0A5C00DC3E17 /* DetailViewModel.swift in Sources */ = {isa = PBXBuildFile; fileRef = 7509B4692F6C0A5A00DC3E17 /* DetailViewModel.swift */; };
		7509B46C2F6C0B5000DC3E17 /* StockDetailView.swift in Sources */ = {isa = PBXBuildFile; fileRef = 7509B46B2F6C0B4C00DC3E17 /* StockDetailView.swift */; };
		75D6585F2F6ACB6E001AF115 /* MarketView.swift in Sources */ = {isa = PBXBuildFile; fileRef = 75D6585E2F6ACAAC001AF115 /* MarketView.swift */; };
		75D658602F6AFEEB001AF115 /* MarketViewModel.swift in Sources */ = {isa = PBXBuildFile; fileRef = 75D6585D2F6ACA84001AF115 /* MarketViewModel.swift */; };
		75D658612F6AFEF5001AF115 /* Stock.swift in Sources */ = {isa = PBXBuildFile; fileRef = 75D6585B2F6AC9C1001AF115 /* Stock.swift */; };
		75D658622F6B0040001AF115 /* APIClient.swift in Sources */ = {isa = PBXBuildFile; fileRef = 75D6585C2F6ACA45001AF115 /* APIClient.swift */; };
/* End PBXBuildFile section */

/* Begin PBXContainerItemProxy section */
		53A9590A2FAE705D00626513 /* PBXContainerItemProxy */ = {
			isa = PBXContainerItemProxy;
			containerPortal = 75D658402F6AC7A2001AF115 /* Project object */;
			proxyType = 1;
			remoteGlobalIDString = 75D658472F6AC7A2001AF115;
			remoteInfo = FinScope;
		};
		53A959192FAE707D00626513 /* PBXContainerItemProxy */ = {
			isa = PBXContainerItemProxy;
			containerPortal = 75D658402F6AC7A2001AF115 /* Project object */;
			proxyType = 1;
			remoteGlobalIDString = 75D658472F6AC7A2001AF115;
			remoteInfo = FinScope;
		};
/* End PBXContainerItemProxy section */

/* Begin PBXFileReference section */
		5395876F2FA802C40049B94A /* CategoryView.swift */ = {isa = PBXFileReference; lastKnownFileType = sourcecode.swift; path = CategoryView.swift; sourceTree = "<group>"; };
		539587712FA802DE0049B94A /* SearchView.swift */ = {isa = PBXFileReference; lastKnownFileType = sourcecode.swift; path = SearchView.swift; sourceTree = "<group>"; };
		539587732FA803480049B94A /* CategoryViewModel.swift */ = {isa = PBXFileReference; lastKnownFileType = sourcecode.swift; path = CategoryViewModel.swift; sourceTree = "<group>"; };
		53A959062FAE705D00626513 /* FinScopeTests.xctest */ = {isa = PBXFileReference; explicitFileType = wrapper.cfbundle; includeInIndex = 0; path = FinScopeTests.xctest; sourceTree = BUILT_PRODUCTS_DIR; };
		53A959132FAE707D00626513 /* FinScopeTestsUI.xctest */ = {isa = PBXFileReference; explicitFileType = wrapper.cfbundle; includeInIndex = 0; path = FinScopeTestsUI.xctest; sourceTree = BUILT_PRODUCTS_DIR; };
		7509B4672F6C09BE00DC3E17 /* StockHistory.swift */ = {isa = PBXFileReference; lastKnownFileType = sourcecode.swift; path = StockHistory.swift; sourceTree = "<group>"; };
		7509B4692F6C0A5A00DC3E17 /* DetailViewModel.swift */ = {isa = PBXFileReference; lastKnownFileType = sourcecode.swift; path = DetailViewModel.swift; sourceTree = "<group>"; };
		7509B46B2F6C0B4C00DC3E17 /* StockDetailView.swift */ = {isa = PBXFileReference; lastKnownFileType = sourcecode.swift; path = StockDetailView.swift; sourceTree = "<group>"; };
		75D658482F6AC7A2001AF115 /* FinScope.app */ = {isa = PBXFileReference; explicitFileType = wrapper.application; includeInIndex = 0; path = FinScope.app; sourceTree = BUILT_PRODUCTS_DIR; };
		75D6585B2F6AC9C1001AF115 /* Stock.swift */ = {isa = PBXFileReference; lastKnownFileType = sourcecode.swift; path = Stock.swift; sourceTree = "<group>"; };
		75D6585C2F6ACA45001AF115 /* APIClient.swift */ = {isa = PBXFileReference; lastKnownFileType = sourcecode.swift; path = APIClient.swift; sourceTree = "<group>"; };
		75D6585D2F6ACA84001AF115 /* MarketViewModel.swift */ = {isa = PBXFileReference; lastKnownFileType = sourcecode.swift; path = MarketViewModel.swift; sourceTree = "<group>"; };
		75D6585E2F6ACAAC001AF115 /* MarketView.swift */ = {isa = PBXFileReference; lastKnownFileType = sourcecode.swift; path = MarketView.swift; sourceTree = "<group>"; };
/* End PBXFileReference section */

/* Begin PBXFileSystemSynchronizedRootGroup section */
		53A959072FAE705D00626513 /* FinScopeTests */ = {
			isa = PBXFileSystemSynchronizedRootGroup;
			path = FinScopeTests;
			sourceTree = "<group>";
		};
		53A959142FAE707D00626513 /* FinScopeTestsUI */ = {
			isa = PBXFileSystemSynchronizedRootGroup;
			path = FinScopeTestsUI;
			sourceTree = "<group>";
		};
		75D6584A2F6AC7A2001AF115 /* FinScope */ = {
			isa = PBXFileSystemSynchronizedRootGroup;
			path = FinScope;
			sourceTree = "<group>";
		};
/* End PBXFileSystemSynchronizedRootGroup section */

/* Begin PBXFrameworksBuildPhase section */
		53A959032FAE705D00626513 /* Frameworks */ = {
			isa = PBXFrameworksBuildPhase;
			buildActionMask = 2147483647;
			files = (
			);
			runOnlyForDeploymentPostprocessing = 0;
		};
		53A959102FAE707D00626513 /* Frameworks */ = {
			isa = PBXFrameworksBuildPhase;
			buildActionMask = 2147483647;
			files = (
			);
			runOnlyForDeploymentPostprocessing = 0;
		};
		75D658452F6AC7A2001AF115 /* Frameworks */ = {
			isa = PBXFrameworksBuildPhase;
			buildActionMask = 2147483647;
			files = (
			);
			runOnlyForDeploymentPostprocessing = 0;
		};
/* End PBXFrameworksBuildPhase section */

/* Begin PBXGroup section */
		75D6583F2F6AC7A2001AF115 = {
			isa = PBXGroup;
			children = (
				75D6585A2F6AC9A4001AF115 /* Views */,
				75D658592F6AC996001AF115 /* ViewModels */,
				75D658582F6AC989001AF115 /* Services */,
				75D658572F6AC983001AF115 /* Models */,
				75D6584A2F6AC7A2001AF115 /* FinScope */,
				53A959072FAE705D00626513 /* FinScopeTests */,
				53A959142FAE707D00626513 /* FinScopeTestsUI */,
				75D658492F6AC7A2001AF115 /* Products */,
			);
			sourceTree = "<group>";
		};
		75D658492F6AC7A2001AF115 /* Products */ = {
			isa = PBXGroup;
			children = (
				75D658482F6AC7A2001AF115 /* FinScope.app */,
				53A959062FAE705D00626513 /* FinScopeTests.xctest */,
				53A959132FAE707D00626513 /* FinScopeTestsUI.xctest */,
			);
			name = Products;
			sourceTree = "<group>";
		};
		75D658572F6AC983001AF115 /* Models */ = {
			isa = PBXGroup;
			children = (
				7509B4672F6C09BE00DC3E17 /* StockHistory.swift */,
				75D6585B2F6AC9C1001AF115 /* Stock.swift */,
			);
			path = Models;
			sourceTree = "<group>";
		};
		75D658582F6AC989001AF115 /* Services */ = {
			isa = PBXGroup;
			children = (
				75D6585C2F6ACA45001AF115 /* APIClient.swift */,
			);
			path = Services;
			sourceTree = "<group>";
		};
		75D658592F6AC996001AF115 /* ViewModels */ = {
			isa = PBXGroup;
			children = (
				7509B4692F6C0A5A00DC3E17 /* DetailViewModel.swift */,
				75D6585D2F6ACA84001AF115 /* MarketViewModel.swift */,
				539587732FA803480049B94A /* CategoryViewModel.swift */,
			);
			path = ViewModels;
			sourceTree = "<group>";
		};
		75D6585A2F6AC9A4001AF115 /* Views */ = {
			isa = PBXGroup;
			children = (
				7509B46B2F6C0B4C00DC3E17 /* StockDetailView.swift */,
				75D6585E2F6ACAAC001AF115 /* MarketView.swift */,
				5395876F2FA802C40049B94A /* CategoryView.swift */,
				539587712FA802DE0049B94A /* SearchView.swift */,
			);
			path = Views;
			sourceTree = "<group>";
		};
/* End PBXGroup section */

/* Begin PBXNativeTarget section */
		53A959052FAE705D00626513 /* FinScopeTests */ = {
			isa = PBXNativeTarget;
			buildConfigurationList = 53A9590C2FAE705D00626513 /* Build configuration list for PBXNativeTarget "FinScopeTests" */;
			buildPhases = (
				53A959022FAE705D00626513 /* Sources */,
				53A959032FAE705D00626513 /* Frameworks */,
				53A959042FAE705D00626513 /* Resources */,
			);
			buildRules = (
			);
			dependencies = (
				53A9590B2FAE705D00626513 /* PBXTargetDependency */,
			);
			fileSystemSynchronizedGroups = (
				53A959072FAE705D00626513 /* FinScopeTests */,
			);
			name = FinScopeTests;
			packageProductDependencies = (
			);
			productName = FinScopeTests;
			productReference = 53A959062FAE705D00626513 /* FinScopeTests.xctest */;
			productType = "com.apple.product-type.bundle.unit-test";
		};
		53A959122FAE707D00626513 /* FinScopeTestsUI */ = {
			isa = PBXNativeTarget;
			buildConfigurationList = 53A9591B2FAE707D00626513 /* Build configuration list for PBXNativeTarget "FinScopeTestsUI" */;
			buildPhases = (
				53A9590F2FAE707D00626513 /* Sources */,
				53A959102FAE707D00626513 /* Frameworks */,
				53A959112FAE707D00626513 /* Resources */,
			);
			buildRules = (
			);
			dependencies = (
				53A9591A2FAE707D00626513 /* PBXTargetDependency */,
			);
			fileSystemSynchronizedGroups = (
				53A959142FAE707D00626513 /* FinScopeTestsUI */,
			);
			name = FinScopeTestsUI;
			packageProductDependencies = (
			);
			productName = FinScopeTestsUI;
			productReference = 53A959132FAE707D00626513 /* FinScopeTestsUI.xctest */;
			productType = "com.apple.product-type.bundle.ui-testing";
		};
		75D658472F6AC7A2001AF115 /* FinScope */ = {
			isa = PBXNativeTarget;
			buildConfigurationList = 75D658532F6AC7A4001AF115 /* Build configuration list for PBXNativeTarget "FinScope" */;
			buildPhases = (
				75D658442F6AC7A2001AF115 /* Sources */,
				75D658452F6AC7A2001AF115 /* Frameworks */,
				75D658462F6AC7A2001AF115 /* Resources */,
			);
			buildRules = (
			);
			dependencies = (
			);
			fileSystemSynchronizedGroups = (
				75D6584A2F6AC7A2001AF115 /* FinScope */,
			);
			name = FinScope;
			packageProductDependencies = (
			);
			productName = FinScope;
			productReference = 75D658482F6AC7A2001AF115 /* FinScope.app */;
			productType = "com.apple.product-type.application";
		};
/* End PBXNativeTarget section */

/* Begin PBXProject section */
		75D658402F6AC7A2001AF115 /* Project object */ = {
			isa = PBXProject;
			attributes = {
				BuildIndependentTargetsInParallel = 1;
				LastSwiftUpdateCheck = 2600;
				LastUpgradeCheck = 2620;
				TargetAttributes = {
					53A959052FAE705D00626513 = {
						CreatedOnToolsVersion = 26.0.1;
						TestTargetID = 75D658472F6AC7A2001AF115;
					};
					53A959122FAE707D00626513 = {
						CreatedOnToolsVersion = 26.0.1;
						TestTargetID = 75D658472F6AC7A2001AF115;
					};
					75D658472F6AC7A2001AF115 = {
						CreatedOnToolsVersion = 26.2;
					};
				};
			};
			buildConfigurationList = 75D658432F6AC7A2001AF115 /* Build configuration list for PBXProject "FinScope" */;
			developmentRegion = en;
			hasScannedForEncodings = 0;
			knownRegions = (
				en,
				Base,
			);
			mainGroup = 75D6583F2F6AC7A2001AF115;
			minimizedProjectReferenceProxies = 1;
			preferredProjectObjectVersion = 77;
			productRefGroup = 75D658492F6AC7A2001AF115 /* Products */;
			projectDirPath = "";
			projectRoot = "";
			targets = (
				75D658472F6AC7A2001AF115 /* FinScope */,
				53A959052FAE705D00626513 /* FinScopeTests */,
				53A959122FAE707D00626513 /* FinScopeTestsUI */,
			);
		};
/* End PBXProject section */

/* Begin PBXResourcesBuildPhase section */
		53A959042FAE705D00626513 /* Resources */ = {
			isa = PBXResourcesBuildPhase;
			buildActionMask = 2147483647;
			files = (
			);
			runOnlyForDeploymentPostprocessing = 0;
		};
		53A959112FAE707D00626513 /* Resources */ = {
			isa = PBXResourcesBuildPhase;
			buildActionMask = 2147483647;
			files = (
			);
			runOnlyForDeploymentPostprocessing = 0;
		};
		75D658462F6AC7A2001AF115 /* Resources */ = {
			isa = PBXResourcesBuildPhase;
			buildActionMask = 2147483647;
			files = (
			);
			runOnlyForDeploymentPostprocessing = 0;
		};
/* End PBXResourcesBuildPhase section */

/* Begin PBXSourcesBuildPhase section */
		53A959022FAE705D00626513 /* Sources */ = {
			isa = PBXSourcesBuildPhase;
			buildActionMask = 2147483647;
			files = (
			);
			runOnlyForDeploymentPostprocessing = 0;
		};
		53A9590F2FAE707D00626513 /* Sources */ = {
			isa = PBXSourcesBuildPhase;
			buildActionMask = 2147483647;
			files = (
			);
			runOnlyForDeploymentPostprocessing = 0;
		};
		75D658442F6AC7A2001AF115 /* Sources */ = {
			isa = PBXSourcesBuildPhase;
			buildActionMask = 2147483647;
			files = (
				75D658602F6AFEEB001AF115 /* MarketViewModel.swift in Sources */,
				539587702FA802C40049B94A /* CategoryView.swift in Sources */,
				7509B4682F6C09C100DC3E17 /* StockHistory.swift in Sources */,
				75D658612F6AFEF5001AF115 /* Stock.swift in Sources */,
				539587742FA803480049B94A /* CategoryViewModel.swift in Sources */,
				75D6585F2F6ACB6E001AF115 /* MarketView.swift in Sources */,
				75D658622F6B0040001AF115 /* APIClient.swift in Sources */,
				539587722FA802DE0049B94A /* SearchView.swift in Sources */,
				7509B46C2F6C0B5000DC3E17 /* StockDetailView.swift in Sources */,
				7509B46A2F6C0A5C00DC3E17 /* DetailViewModel.swift in Sources */,
			);
			runOnlyForDeploymentPostprocessing = 0;
		};
/* End PBXSourcesBuildPhase section */

/* Begin PBXTargetDependency section */
		53A9590B2FAE705D00626513 /* PBXTargetDependency */ = {
			isa = PBXTargetDependency;
			target = 75D658472F6AC7A2001AF115 /* FinScope */;
			targetProxy = 53A9590A2FAE705D00626513 /* PBXContainerItemProxy */;
		};
		53A9591A2FAE707D00626513 /* PBXTargetDependency */ = {
			isa = PBXTargetDependency;
			target = 75D658472F6AC7A2001AF115 /* FinScope */;
			targetProxy = 53A959192FAE707D00626513 /* PBXContainerItemProxy */;
		};
/* End PBXTargetDependency section */

/* Begin XCBuildConfiguration section */
		53A9590D2FAE705D00626513 /* Debug */ = {
			isa = XCBuildConfiguration;
			buildSettings = {
				BUNDLE_LOADER = "$(TEST_HOST)";
				CODE_SIGN_STYLE = Automatic;
				CURRENT_PROJECT_VERSION = 1;
				DEVELOPMENT_TEAM = 7N6B6MC56J;
				GENERATE_INFOPLIST_FILE = YES;
				IPHONEOS_DEPLOYMENT_TARGET = 26.0;
				MARKETING_VERSION = 1.0;
				PRODUCT_BUNDLE_IDENTIFIER = PG.FinScopeTests;
				PRODUCT_NAME = "$(TARGET_NAME)";
				STRING_CATALOG_GENERATE_SYMBOLS = NO;
				SWIFT_APPROACHABLE_CONCURRENCY = YES;
				SWIFT_EMIT_LOC_STRINGS = NO;
				SWIFT_UPCOMING_FEATURE_MEMBER_IMPORT_VISIBILITY = YES;
				SWIFT_VERSION = 5.0;
				TARGETED_DEVICE_FAMILY = "1,2";
				TEST_HOST = "$(BUILT_PRODUCTS_DIR)/FinScope.app/$(BUNDLE_EXECUTABLE_FOLDER_PATH)/FinScope";
			};
			name = Debug;
		};
		53A9590E2FAE705D00626513 /* Release */ = {
			isa = XCBuildConfiguration;
			buildSettings = {
				BUNDLE_LOADER = "$(TEST_HOST)";
				CODE_SIGN_STYLE = Automatic;
				CURRENT_PROJECT_VERSION = 1;
				DEVELOPMENT_TEAM = 7N6B6MC56J;
				GENERATE_INFOPLIST_FILE = YES;
				IPHONEOS_DEPLOYMENT_TARGET = 26.0;
				MARKETING_VERSION = 1.0;
				PRODUCT_BUNDLE_IDENTIFIER = PG.FinScopeTests;
				PRODUCT_NAME = "$(TARGET_NAME)";
				STRING_CATALOG_GENERATE_SYMBOLS = NO;
				SWIFT_APPROACHABLE_CONCURRENCY = YES;
				SWIFT_EMIT_LOC_STRINGS = NO;
				SWIFT_UPCOMING_FEATURE_MEMBER_IMPORT_VISIBILITY = YES;
				SWIFT_VERSION = 5.0;
				TARGETED_DEVICE_FAMILY = "1,2";
				TEST_HOST = "$(BUILT_PRODUCTS_DIR)/FinScope.app/$(BUNDLE_EXECUTABLE_FOLDER_PATH)/FinScope";
			};
			name = Release;
		};
		53A9591C2FAE707D00626513 /* Debug */ = {
			isa = XCBuildConfiguration;
			buildSettings = {
				CODE_SIGN_STYLE = Automatic;
				CURRENT_PROJECT_VERSION = 1;
				DEVELOPMENT_TEAM = 7N6B6MC56J;
				GENERATE_INFOPLIST_FILE = YES;
				IPHONEOS_DEPLOYMENT_TARGET = 26.0;
				MARKETING_VERSION = 1.0;
				PRODUCT_BUNDLE_IDENTIFIER = PG.FinScopeTestsUI;
				PRODUCT_NAME = "$(TARGET_NAME)";
				STRING_CATALOG_GENERATE_SYMBOLS = NO;
				SWIFT_APPROACHABLE_CONCURRENCY = YES;
				SWIFT_EMIT_LOC_STRINGS = NO;
				SWIFT_UPCOMING_FEATURE_MEMBER_IMPORT_VISIBILITY = YES;
				SWIFT_VERSION = 5.0;
				TARGETED_DEVICE_FAMILY = "1,2";
				TEST_TARGET_NAME = FinScope;
			};
			name = Debug;
		};
		53A9591D2FAE707D00626513 /* Release */ = {
			isa = XCBuildConfiguration;
			buildSettings = {
				CODE_SIGN_STYLE = Automatic;
				CURRENT_PROJECT_VERSION = 1;
				DEVELOPMENT_TEAM = 7N6B6MC56J;
				GENERATE_INFOPLIST_FILE = YES;
				IPHONEOS_DEPLOYMENT_TARGET = 26.0;
				MARKETING_VERSION = 1.0;
				PRODUCT_BUNDLE_IDENTIFIER = PG.FinScopeTestsUI;
				PRODUCT_NAME = "$(TARGET_NAME)";
				STRING_CATALOG_GENERATE_SYMBOLS = NO;
				SWIFT_APPROACHABLE_CONCURRENCY = YES;
				SWIFT_EMIT_LOC_STRINGS = NO;
				SWIFT_UPCOMING_FEATURE_MEMBER_IMPORT_VISIBILITY = YES;
				SWIFT_VERSION = 5.0;
				TARGETED_DEVICE_FAMILY = "1,2";
				TEST_TARGET_NAME = FinScope;
			};
			name = Release;
		};
		75D658512F6AC7A4001AF115 /* Debug */ = {
			isa = XCBuildConfiguration;
			buildSettings = {
				ALWAYS_SEARCH_USER_PATHS = NO;
				ASSETCATALOG_COMPILER_GENERATE_SWIFT_ASSET_SYMBOL_EXTENSIONS = YES;
				CLANG_ANALYZER_NONNULL = YES;
				CLANG_ANALYZER_NUMBER_OBJECT_CONVERSION = YES_AGGRESSIVE;
				CLANG_CXX_LANGUAGE_STANDARD = "gnu++20";
				CLANG_ENABLE_MODULES = YES;
				CLANG_ENABLE_OBJC_ARC = YES;
				CLANG_ENABLE_OBJC_WEAK = YES;
				CLANG_WARN_BLOCK_CAPTURE_AUTORELEASING = YES;
				CLANG_WARN_BOOL_CONVERSION = YES;
				CLANG_WARN_COMMA = YES;
				CLANG_WARN_CONSTANT_CONVERSION = YES;
				CLANG_WARN_DEPRECATED_OBJC_IMPLEMENTATIONS = YES;
				CLANG_WARN_DIRECT_OBJC_ISA_USAGE = YES_ERROR;
				CLANG_WARN_DOCUMENTATION_COMMENTS = YES;
				CLANG_WARN_EMPTY_BODY = YES;
				CLANG_WARN_ENUM_CONVERSION = YES;
				CLANG_WARN_INFINITE_RECURSION = YES;
				CLANG_WARN_INT_CONVERSION = YES;
				CLANG_WARN_NON_LITERAL_NULL_CONVERSION = YES;
				CLANG_WARN_OBJC_IMPLICIT_RETAIN_SELF = YES;
				CLANG_WARN_OBJC_LITERAL_CONVERSION = YES;
				CLANG_WARN_OBJC_ROOT_CLASS = YES_ERROR;
				CLANG_WARN_QUOTED_INCLUDE_IN_FRAMEWORK_HEADER = YES;
				CLANG_WARN_RANGE_LOOP_ANALYSIS = YES;
				CLANG_WARN_STRICT_PROTOTYPES = YES;
				CLANG_WARN_SUSPICIOUS_MOVE = YES;
				CLANG_WARN_UNGUARDED_AVAILABILITY = YES_AGGRESSIVE;
				CLANG_WARN_UNREACHABLE_CODE = YES;
				CLANG_WARN__DUPLICATE_METHOD_MATCH = YES;
				COPY_PHASE_STRIP = NO;
				DEBUG_INFORMATION_FORMAT = dwarf;
				ENABLE_STRICT_OBJC_MSGSEND = YES;
				ENABLE_TESTABILITY = YES;
				ENABLE_USER_SCRIPT_SANDBOXING = YES;
				GCC_C_LANGUAGE_STANDARD = gnu17;
				GCC_DYNAMIC_NO_PIC = NO;
				GCC_NO_COMMON_BLOCKS = YES;
				GCC_OPTIMIZATION_LEVEL = 0;
				GCC_PREPROCESSOR_DEFINITIONS = (
					"DEBUG=1",
					"$(inherited)",
				);
				GCC_WARN_64_TO_32_BIT_CONVERSION = YES;
				GCC_WARN_ABOUT_RETURN_TYPE = YES_ERROR;
				GCC_WARN_UNDECLARED_SELECTOR = YES;
				GCC_WARN_UNINITIALIZED_AUTOS = YES_AGGRESSIVE;
				GCC_WARN_UNUSED_FUNCTION = YES;
				GCC_WARN_UNUSED_VARIABLE = YES;
				IPHONEOS_DEPLOYMENT_TARGET = 26.2;
				LOCALIZATION_PREFERS_STRING_CATALOGS = YES;
				MTL_ENABLE_DEBUG_INFO = INCLUDE_SOURCE;
				MTL_FAST_MATH = YES;
				ONLY_ACTIVE_ARCH = YES;
				SDKROOT = iphoneos;
				SWIFT_ACTIVE_COMPILATION_CONDITIONS = "DEBUG $(inherited)";
				SWIFT_OPTIMIZATION_LEVEL = "-Onone";
			};
			name = Debug;
		};
		75D658522F6AC7A4001AF115 /* Release */ = {
			isa = XCBuildConfiguration;
			buildSettings = {
				ALWAYS_SEARCH_USER_PATHS = NO;
				ASSETCATALOG_COMPILER_GENERATE_SWIFT_ASSET_SYMBOL_EXTENSIONS = YES;
				CLANG_ANALYZER_NONNULL = YES;
				CLANG_ANALYZER_NUMBER_OBJECT_CONVERSION = YES_AGGRESSIVE;
				CLANG_CXX_LANGUAGE_STANDARD = "gnu++20";
				CLANG_ENABLE_MODULES = YES;
				CLANG_ENABLE_OBJC_ARC = YES;
				CLANG_ENABLE_OBJC_WEAK = YES;
				CLANG_WARN_BLOCK_CAPTURE_AUTORELEASING = YES;
				CLANG_WARN_BOOL_CONVERSION = YES;
				CLANG_WARN_COMMA = YES;
				CLANG_WARN_CONSTANT_CONVERSION = YES;
				CLANG_WARN_DEPRECATED_OBJC_IMPLEMENTATIONS = YES;
				CLANG_WARN_DIRECT_OBJC_ISA_USAGE = YES_ERROR;
				CLANG_WARN_DOCUMENTATION_COMMENTS = YES;
				CLANG_WARN_EMPTY_BODY = YES;
				CLANG_WARN_ENUM_CONVERSION = YES;
				CLANG_WARN_INFINITE_RECURSION = YES;
				CLANG_WARN_INT_CONVERSION = YES;
				CLANG_WARN_NON_LITERAL_NULL_CONVERSION = YES;
				CLANG_WARN_OBJC_IMPLICIT_RETAIN_SELF = YES;
				CLANG_WARN_OBJC_LITERAL_CONVERSION = YES;
				CLANG_WARN_OBJC_ROOT_CLASS = YES_ERROR;
				CLANG_WARN_QUOTED_INCLUDE_IN_FRAMEWORK_HEADER = YES;
				CLANG_WARN_RANGE_LOOP_ANALYSIS = YES;
				CLANG_WARN_STRICT_PROTOTYPES = YES;
				CLANG_WARN_SUSPICIOUS_MOVE = YES;
				CLANG_WARN_UNGUARDED_AVAILABILITY = YES_AGGRESSIVE;
				CLANG_WARN_UNREACHABLE_CODE = YES;
				CLANG_WARN__DUPLICATE_METHOD_MATCH = YES;
				COPY_PHASE_STRIP = NO;
				DEBUG_INFORMATION_FORMAT = "dwarf-with-dsym";
				ENABLE_NS_ASSERTIONS = NO;
				ENABLE_STRICT_OBJC_MSGSEND = YES;
				ENABLE_USER_SCRIPT_SANDBOXING = YES;
				GCC_C_LANGUAGE_STANDARD = gnu17;
				GCC_NO_COMMON_BLOCKS = YES;
				GCC_WARN_64_TO_32_BIT_CONVERSION = YES;
				GCC_WARN_ABOUT_RETURN_TYPE = YES_ERROR;
				GCC_WARN_UNDECLARED_SELECTOR = YES;
				GCC_WARN_UNINITIALIZED_AUTOS = YES_AGGRESSIVE;
				GCC_WARN_UNUSED_FUNCTION = YES;
				GCC_WARN_UNUSED_VARIABLE = YES;
				IPHONEOS_DEPLOYMENT_TARGET = 26.2;
				LOCALIZATION_PREFERS_STRING_CATALOGS = YES;
				MTL_ENABLE_DEBUG_INFO = NO;
				MTL_FAST_MATH = YES;
				SDKROOT = iphoneos;
				SWIFT_COMPILATION_MODE = wholemodule;
				VALIDATE_PRODUCT = YES;
			};
			name = Release;
		};
		75D658542F6AC7A4001AF115 /* Debug */ = {
			isa = XCBuildConfiguration;
			buildSettings = {
				ASSETCATALOG_COMPILER_APPICON_NAME = AppIcon;
				ASSETCATALOG_COMPILER_GLOBAL_ACCENT_COLOR_NAME = AccentColor;
				CODE_SIGN_STYLE = Automatic;
				CURRENT_PROJECT_VERSION = 1;
				ENABLE_PREVIEWS = YES;
				GENERATE_INFOPLIST_FILE = YES;
				INFOPLIST_KEY_LSApplicationCategoryType = "";
				INFOPLIST_KEY_UIApplicationSceneManifest_Generation = YES;
				INFOPLIST_KEY_UIApplicationSupportsIndirectInputEvents = YES;
				INFOPLIST_KEY_UILaunchScreen_Generation = YES;
				INFOPLIST_KEY_UISupportedInterfaceOrientations_iPad = "UIInterfaceOrientationPortrait UIInterfaceOrientationPortraitUpsideDown UIInterfaceOrientationLandscapeLeft UIInterfaceOrientationLandscapeRight";
				INFOPLIST_KEY_UISupportedInterfaceOrientations_iPhone = "UIInterfaceOrientationPortrait UIInterfaceOrientationLandscapeLeft UIInterfaceOrientationLandscapeRight";
				IPHONEOS_DEPLOYMENT_TARGET = 26.0;
				LD_RUNPATH_SEARCH_PATHS = (
					"$(inherited)",
					"@executable_path/Frameworks",
				);
				MARKETING_VERSION = 1.0;
				PRODUCT_BUNDLE_IDENTIFIER = owjm.FinScope;
				PRODUCT_NAME = "$(TARGET_NAME)";
				STRING_CATALOG_GENERATE_SYMBOLS = YES;
				SWIFT_APPROACHABLE_CONCURRENCY = YES;
				SWIFT_DEFAULT_ACTOR_ISOLATION = MainActor;
				SWIFT_EMIT_LOC_STRINGS = YES;
				SWIFT_UPCOMING_FEATURE_MEMBER_IMPORT_VISIBILITY = YES;
				SWIFT_VERSION = 5.0;
				TARGETED_DEVICE_FAMILY = "1,2";
			};
			name = Debug;
		};
		75D658552F6AC7A4001AF115 /* Release */ = {
			isa = XCBuildConfiguration;
			buildSettings = {
				ASSETCATALOG_COMPILER_APPICON_NAME = AppIcon;
				ASSETCATALOG_COMPILER_GLOBAL_ACCENT_COLOR_NAME = AccentColor;
				CODE_SIGN_STYLE = Automatic;
				CURRENT_PROJECT_VERSION = 1;
				ENABLE_PREVIEWS = YES;
				GENERATE_INFOPLIST_FILE = YES;
				INFOPLIST_KEY_LSApplicationCategoryType = "";
				INFOPLIST_KEY_UIApplicationSceneManifest_Generation = YES;
				INFOPLIST_KEY_UIApplicationSupportsIndirectInputEvents = YES;
				INFOPLIST_KEY_UILaunchScreen_Generation = YES;
				INFOPLIST_KEY_UISupportedInterfaceOrientations_iPad = "UIInterfaceOrientationPortrait UIInterfaceOrientationPortraitUpsideDown UIInterfaceOrientationLandscapeLeft UIInterfaceOrientationLandscapeRight";
				INFOPLIST_KEY_UISupportedInterfaceOrientations_iPhone = "UIInterfaceOrientationPortrait UIInterfaceOrientationLandscapeLeft UIInterfaceOrientationLandscapeRight";
				IPHONEOS_DEPLOYMENT_TARGET = 26.0;
				LD_RUNPATH_SEARCH_PATHS = (
					"$(inherited)",
					"@executable_path/Frameworks",
				);
				MARKETING_VERSION = 1.0;
				PRODUCT_BUNDLE_IDENTIFIER = owjm.FinScope;
				PRODUCT_NAME = "$(TARGET_NAME)";
				STRING_CATALOG_GENERATE_SYMBOLS = YES;
				SWIFT_APPROACHABLE_CONCURRENCY = YES;
				SWIFT_DEFAULT_ACTOR_ISOLATION = MainActor;
				SWIFT_EMIT_LOC_STRINGS = YES;
				SWIFT_UPCOMING_FEATURE_MEMBER_IMPORT_VISIBILITY = YES;
				SWIFT_VERSION = 5.0;
				TARGETED_DEVICE_FAMILY = "1,2";
			};
			name = Release;
		};
/* End XCBuildConfiguration section */

/* Begin XCConfigurationList section */
		53A9590C2FAE705D00626513 /* Build configuration list for PBXNativeTarget "FinScopeTests" */ = {
			isa = XCConfigurationList;
			buildConfigurations = (
				53A9590D2FAE705D00626513 /* Debug */,
				53A9590E2FAE705D00626513 /* Release */,
			);
			defaultConfigurationIsVisible = 0;
			defaultConfigurationName = Release;
		};
		53A9591B2FAE707D00626513 /* Build configuration list for PBXNativeTarget "FinScopeTestsUI" */ = {
			isa = XCConfigurationList;
			buildConfigurations = (
				53A9591C2FAE707D00626513 /* Debug */,
				53A9591D2FAE707D00626513 /* Release */,
			);
			defaultConfigurationIsVisible = 0;
			defaultConfigurationName = Release;
		};
		75D658432F6AC7A2001AF115 /* Build configuration list for PBXProject "FinScope" */ = {
			isa = XCConfigurationList;
			buildConfigurations = (
				75D658512F6AC7A4001AF115 /* Debug */,
				75D658522F6AC7A4001AF115 /* Release */,
			);
			defaultConfigurationIsVisible = 0;
			defaultConfigurationName = Release;
		};
		75D658532F6AC7A4001AF115 /* Build configuration list for PBXNativeTarget "FinScope" */ = {
			isa = XCConfigurationList;
			buildConfigurations = (
				75D658542F6AC7A4001AF115 /* Debug */,
				75D658552F6AC7A4001AF115 /* Release */,
			);
			defaultConfigurationIsVisible = 0;
			defaultConfigurationName = Release;
		};
/* End XCConfigurationList section */
	};
	rootObject = 75D658402F6AC7A2001AF115 /* Project object */;
}
